
Microsoft Visual Studio Solution File, Format Version 12.00
# Visual Studio Version 17
VisualStudioVersion = 17.2.32630.192
MinimumVisualStudioVersion = 10.0.40219.1
Project("{2150E333-8FDC-42A3-9474-1A3956D46DE8}") = "Services", "Services", "{1F8ECD61-9339-411B-997E-CA96E17502F6}"
EndProject
Project("{2150E333-8FDC-42A3-9474-1A3956D46DE8}") = "Catalog", "Catalog", "{61892C02-EDFA-45DF-89D9-AEE688F3ECD0}"
EndProject
Project("{FAE04EC0-301F-11D3-BF4B-00C04F79EFBC}") = "Catalog.API", "Services\Catalog\Catalog.API\Catalog.API.csproj", "{AE1F9100-6AD9-46D0-BC4A-6299EA37054C}"
EndProject
Global
	GlobalSection(SolutionConfigurationPlatforms) = preSolution
		Debug|Any CPU = Debug|Any CPU
		Release|Any CPU = Release|Any CPU
	EndGlobalSection
	GlobalSection(ProjectConfigurationPlatforms) = postSolution
		{AE1F9100-6AD9-46D0-BC4A-6299EA37054C}.Debug|Any CPU.ActiveCfg = Debug|Any CPU
		{AE1F9100-6AD9-46D0-BC4A-6299EA37054C}.Debug|Any CPU.Build.0 = Debug|Any CPU
		{AE1F9100-6AD9-46D0-BC4A-6299EA37054C}.Release|Any CPU.ActiveCfg = Release|Any CPU
		{AE1F9100-6AD9-46D0-BC4A-6299EA37054C}.Release|Any CPU.Build.0 = Release|Any CPU
	EndGlobalSection
	GlobalSection(SolutionProperties) = preSolution
		HideSolutionNode = FALSE
	EndGlobalSection
	GlobalSection(NestedProjects) = preSolution
		{61892C02-EDFA-45DF-89D9-AEE688F3ECD0} = {1F8ECD61-9339-411B-997E-CA96E17502F6}
		{AE1F9100-6AD9-46D0-BC4A-6299EA37054C} = {61892C02-EDFA-45DF-89D9-AEE688F3ECD0}
	EndGlobalSection
	GlobalSection(ExtensibilityGlobals) = postSolution
		SolutionGuid = {7F5559E3-7AA9-4640-A695-628E74806C76}
	EndGlobalSection
EndGlobal
